// !$*UTF8*$!
{
	archiveVersion = 1;
	classes = {
	};
	objectVersion = 46;
	objects = {
/* Begin PBXBuildFile section */
		5E05F28D1D3E538600A0D09A /* Helpers.m in Sources */ = {isa = PBXBuildFile; fileRef = 5E05F28C1D3E538600A0D09A /* Helpers.m */; };
		5E21FB521D3FBD0B00A922AE /* ReactPlayer.m in Sources */ = {isa = PBXBuildFile; fileRef = 5E21FB511D3FBD0B00A922AE /* ReactPlayer.m */; };
		5E21FB671D40CF5300A922AE /* ReactPlayerItem.m in Sources */ = {isa = PBXBuildFile; fileRef = 5E21FB661D40CF5300A922AE /* ReactPlayerItem.m */; };
		5E8FD9931D269F9900CF68CC /* AudioPlayer.m in Sources */ = {isa = PBXBuildFile; fileRef = 5E8FD9901D269F9900CF68CC /* AudioPlayer.m */; };
		5E8FD9941D269F9900CF68CC /* AudioRecorder.m in Sources */ = {isa = PBXBuildFile; fileRef = 5E8FD9921D269F9900CF68CC /* AudioRecorder.m */; };
		26E206A9AFE64A9394114BE6 /* libMusicControl.a in Frameworks */ = {isa = PBXBuildFile; fileRef = 1895062CE4C648B1830FF1B8 /* libMusicControl.a */; };
		62592A8E6270466E9B0FC9FB /* libRNSentry.a in Frameworks */ = {isa = PBXBuildFile; fileRef = 7F1756E7AB454F428451267A /* libRNSentry.a */; };
		9C711529880A45CDA3315027 /* libz.tbd in Frameworks */ = {isa = PBXBuildFile; fileRef = 226AFC7657B84FAEBB89F633 /* libz.tbd */; };
		015C2E1C88764390B9ACEEC9 /* libRCTSplashScreen.a in Frameworks */ = {isa = PBXBuildFile; fileRef = 1DD9389586E54FF494DDCD03 /* libRCTSplashScreen.a */; };
		9C5966E28CD24B24A064BA19 /* libRNVectorIcons.a in Frameworks */ = {isa = PBXBuildFile; fileRef = 493C3843843847A5B1D99FFC /* libRNVectorIcons.a */; };
/* End PBXBuildFile section */

/* Begin PBXCopyFilesBuildPhase section */
		5E8FD9811D269F5D00CF68CC /* CopyFiles */ = {
			isa = PBXCopyFilesBuildPhase;
			buildActionMask = 2147483647;
			dstPath = "include/$(PRODUCT_NAME)";
			dstSubfolderSpec = 16;
			files = (
			);
			runOnlyForDeploymentPostprocessing = 0;
		};
/* End PBXCopyFilesBuildPhase section */

/* Begin PBXFileReference section */
		5E05F28B1D3E538600A0D09A /* Helpers.h */ = {isa = PBXFileReference; fileEncoding = 4; lastKnownFileType = sourcecode.c.h; path = Helpers.h; sourceTree = "<group>"; };
		5E05F28C1D3E538600A0D09A /* Helpers.m */ = {isa = PBXFileReference; fileEncoding = 4; lastKnownFileType = sourcecode.c.objc; path = Helpers.m; sourceTree = "<group>"; };
		5E21FB501D3FBD0B00A922AE /* ReactPlayer.h */ = {isa = PBXFileReference; fileEncoding = 4; lastKnownFileType = sourcecode.c.h; path = ReactPlayer.h; sourceTree = "<group>"; };
		5E21FB511D3FBD0B00A922AE /* ReactPlayer.m */ = {isa = PBXFileReference; fileEncoding = 4; lastKnownFileType = sourcecode.c.objc; path = ReactPlayer.m; sourceTree = "<group>"; };
		5E21FB651D40CF5300A922AE /* ReactPlayerItem.h */ = {isa = PBXFileReference; fileEncoding = 4; lastKnownFileType = sourcecode.c.h; path = ReactPlayerItem.h; sourceTree = "<group>"; };
		5E21FB661D40CF5300A922AE /* ReactPlayerItem.m */ = {isa = PBXFileReference; fileEncoding = 4; lastKnownFileType = sourcecode.c.objc; path = ReactPlayerItem.m; sourceTree = "<group>"; };
		5E8FD9831D269F5D00CF68CC /* libReactNativeAudioToolkit.a */ = {isa = PBXFileReference; explicitFileType = archive.ar; includeInIndex = 0; path = libReactNativeAudioToolkit.a; sourceTree = BUILT_PRODUCTS_DIR; };
		5E8FD98F1D269F9900CF68CC /* AudioPlayer.h */ = {isa = PBXFileReference; fileEncoding = 4; lastKnownFileType = sourcecode.c.h; path = AudioPlayer.h; sourceTree = "<group>"; };
		5E8FD9901D269F9900CF68CC /* AudioPlayer.m */ = {isa = PBXFileReference; fileEncoding = 4; lastKnownFileType = sourcecode.c.objc; path = AudioPlayer.m; sourceTree = "<group>"; };
		5E8FD9911D269F9900CF68CC /* AudioRecorder.h */ = {isa = PBXFileReference; fileEncoding = 4; lastKnownFileType = sourcecode.c.h; path = AudioRecorder.h; sourceTree = "<group>"; };
		5E8FD9921D269F9900CF68CC /* AudioRecorder.m */ = {isa = PBXFileReference; fileEncoding = 4; lastKnownFileType = sourcecode.c.objc; path = AudioRecorder.m; sourceTree = "<group>"; };
		52919C051F4A460C951EC151 /* ReactNativeAudioToolkit.xcodeproj */ = {isa = PBXFileReference; name = "ReactNativeAudioToolkit.xcodeproj"; path = "../../../../node_modules/react-native-audio-toolkit/ios/ReactNativeAudioToolkit/ReactNativeAudioToolkit.xcodeproj"; sourceTree = "<group>"; fileEncoding = undefined; lastKnownFileType = wrapper.pb-project; explicitFileType = undefined; includeInIndex = 0; };
		D51205087F454778B713D53E /* MusicControl.xcodeproj */ = {isa = PBXFileReference; name = "MusicControl.xcodeproj"; path = "../../../../node_modules/react-native-music-control/ios/MusicControl.xcodeproj"; sourceTree = "<group>"; fileEncoding = undefined; lastKnownFileType = wrapper.pb-project; explicitFileType = undefined; includeInIndex = 0; };
		1895062CE4C648B1830FF1B8 /* libMusicControl.a */ = {isa = PBXFileReference; name = "libMusicControl.a"; path = "libMusicControl.a"; sourceTree = "<group>"; fileEncoding = undefined; lastKnownFileType = archive.ar; explicitFileType = undefined; includeInIndex = 0; };
		F4D6330DAC204AF8BF918DC8 /* RNSentry.xcodeproj */ = {isa = PBXFileReference; name = "RNSentry.xcodeproj"; path = "../../../../node_modules/react-native-sentry/ios/RNSentry.xcodeproj"; sourceTree = "<group>"; fileEncoding = undefined; lastKnownFileType = wrapper.pb-project; explicitFileType = undefined; includeInIndex = 0; };
		7F1756E7AB454F428451267A /* libRNSentry.a */ = {isa = PBXFileReference; name = "libRNSentry.a"; path = "libRNSentry.a"; sourceTree = "<group>"; fileEncoding = undefined; lastKnownFileType = archive.ar; explicitFileType = undefined; includeInIndex = 0; };
		226AFC7657B84FAEBB89F633 /* libz.tbd */ = {isa = PBXFileReference; name = "libz.tbd"; path = "usr/lib/libz.tbd"; sourceTree = SDKROOT; fileEncoding = undefined; lastKnownFileType = sourcecode.text-based-dylib-definition; explicitFileType = undefined; includeInIndex = 0; };
		100D64EA1D754330B164320D /* RCTSplashScreen.xcodeproj */ = {isa = PBXFileReference; name = "RCTSplashScreen.xcodeproj"; path = "../../../../node_modules/react-native-smart-splash-screen/ios/RCTSplashScreen/RCTSplashScreen.xcodeproj"; sourceTree = "<group>"; fileEncoding = undefined; lastKnownFileType = wrapper.pb-project; explicitFileType = undefined; includeInIndex = 0; };
		1DD9389586E54FF494DDCD03 /* libRCTSplashScreen.a */ = {isa = PBXFileReference; name = "libRCTSplashScreen.a"; path = "libRCTSplashScreen.a"; sourceTree = "<group>"; fileEncoding = undefined; lastKnownFileType = archive.ar; explicitFileType = undefined; includeInIndex = 0; };
		A50D247CD31D49E2842C3B85 /* RNVectorIcons.xcodeproj */ = {isa = PBXFileReference; name = "RNVectorIcons.xcodeproj"; path = "../../../../node_modules/react-native-vector-icons/RNVectorIcons.xcodeproj"; sourceTree = "<group>"; fileEncoding = undefined; lastKnownFileType = wrapper.pb-project; explicitFileType = undefined; includeInIndex = 0; };
		493C3843843847A5B1D99FFC /* libRNVectorIcons.a */ = {isa = PBXFileReference; name = "libRNVectorIcons.a"; path = "libRNVectorIcons.a"; sourceTree = "<group>"; fileEncoding = undefined; lastKnownFileType = archive.ar; explicitFileType = undefined; includeInIndex = 0; };
/* End PBXFileReference section */

/* Begin PBXFrameworksBuildPhase section */
		5E8FD9801D269F5D00CF68CC /* Frameworks */ = {
			isa = PBXFrameworksBuildPhase;
			buildActionMask = 2147483647;
			files = (
				26E206A9AFE64A9394114BE6 /* libMusicControl.a in Frameworks */,
				62592A8E6270466E9B0FC9FB /* libRNSentry.a in Frameworks */,
				9C711529880A45CDA3315027 /* libz.tbd in Frameworks */,
				015C2E1C88764390B9ACEEC9 /* libRCTSplashScreen.a in Frameworks */,
				9C5966E28CD24B24A064BA19 /* libRNVectorIcons.a in Frameworks */,
			);
			runOnlyForDeploymentPostprocessing = 0;
		};
/* End PBXFrameworksBuildPhase section */

/* Begin PBXGroup section */
		5E8FD97A1D269F5D00CF68CC = {
			isa = PBXGroup;
			children = (
				5E8FD9851D269F5D00CF68CC /* ReactNativeAudioToolkit */,
				5E8FD9841D269F5D00CF68CC /* Products */,
				BF3537289A7D46D6847F240C /* Libraries */,
				01E0C55FC0B4459882141298 /* Frameworks */,
			);
			sourceTree = "<group>";
		};
		5E8FD9841D269F5D00CF68CC /* Products */ = {
			isa = PBXGroup;
			children = (
				5E8FD9831D269F5D00CF68CC /* libReactNativeAudioToolkit.a */,
			);
			name = Products;
			sourceTree = "<group>";
		};
		5E8FD9851D269F5D00CF68CC /* ReactNativeAudioToolkit */ = {
			isa = PBXGroup;
			children = (
				5E8FD98F1D269F9900CF68CC /* AudioPlayer.h */,
				5E8FD9901D269F9900CF68CC /* AudioPlayer.m */,
				5E8FD9911D269F9900CF68CC /* AudioRecorder.h */,
				5E8FD9921D269F9900CF68CC /* AudioRecorder.m */,
				5E05F28B1D3E538600A0D09A /* Helpers.h */,
				5E05F28C1D3E538600A0D09A /* Helpers.m */,
				5E21FB501D3FBD0B00A922AE /* ReactPlayer.h */,
				5E21FB511D3FBD0B00A922AE /* ReactPlayer.m */,
				5E21FB651D40CF5300A922AE /* ReactPlayerItem.h */,
				5E21FB661D40CF5300A922AE /* ReactPlayerItem.m */,
			);
			path = ReactNativeAudioToolkit;
			sourceTree = "<group>";
		};
		BF3537289A7D46D6847F240C /* Libraries */ = {
			isa = "PBXGroup";
			children = (
				52919C051F4A460C951EC151 /* ReactNativeAudioToolkit.xcodeproj */,
				D51205087F454778B713D53E /* MusicControl.xcodeproj */,
				F4D6330DAC204AF8BF918DC8 /* RNSentry.xcodeproj */,
				100D64EA1D754330B164320D /* RCTSplashScreen.xcodeproj */,
				A50D247CD31D49E2842C3B85 /* RNVectorIcons.xcodeproj */,
			);
			name = Libraries;
			sourceTree = "<group>";
			path = "";
		};
		01E0C55FC0B4459882141298 /* Frameworks */ = {
			isa = "PBXGroup";
			children = (
				226AFC7657B84FAEBB89F633 /* libz.tbd */,
			);
			name = Frameworks;
			sourceTree = "<group>";
			path = "";
		};
/* End PBXGroup section */

/* Begin PBXNativeTarget section */
		5E8FD9821D269F5D00CF68CC /* ReactNativeAudioToolkit */ = {
			isa = PBXNativeTarget;
			buildConfigurationList = 5E8FD98C1D269F5D00CF68CC /* Build configuration list for PBXNativeTarget "ReactNativeAudioToolkit" */;
			buildPhases = (
				5E8FD97F1D269F5D00CF68CC /* Sources */,
				5E8FD9801D269F5D00CF68CC /* Frameworks */,
				5E8FD9811D269F5D00CF68CC /* CopyFiles */,
			);
			buildRules = (
			);
			dependencies = (
			);
			name = ReactNativeAudioToolkit;
			productName = ReactNativeAudioToolkit;
			productReference = 5E8FD9831D269F5D00CF68CC /* libReactNativeAudioToolkit.a */;
			productType = "com.apple.product-type.library.static";
		};
/* End PBXNativeTarget section */

/* Begin PBXProject section */
		5E8FD97B1D269F5D00CF68CC /* Project object */ = {
			isa = PBXProject;
			attributes = {
				LastUpgradeCheck = 730;
				ORGANIZATIONNAME = Futurice;
				TargetAttributes = {
					5E8FD9821D269F5D00CF68CC = {
						CreatedOnToolsVersion = 7.3.1;
					};
				};
			};
			buildConfigurationList = 5E8FD97E1D269F5D00CF68CC /* Build configuration list for PBXProject "ReactNativeAudioToolkit" */;
			compatibilityVersion = "Xcode 3.2";
			developmentRegion = English;
			hasScannedForEncodings = 0;
			knownRegions = (
				en,
			);
			mainGroup = 5E8FD97A1D269F5D00CF68CC;
			productRefGroup = 5E8FD9841D269F5D00CF68CC /* Products */;
			projectDirPath = "";
			projectRoot = "";
			targets = (
				5E8FD9821D269F5D00CF68CC /* ReactNativeAudioToolkit */,
			);
		};
/* End PBXProject section */

/* Begin PBXSourcesBuildPhase section */
		5E8FD97F1D269F5D00CF68CC /* Sources */ = {
			isa = PBXSourcesBuildPhase;
			buildActionMask = 2147483647;
			files = (
				5E21FB521D3FBD0B00A922AE /* ReactPlayer.m in Sources */,
				5E21FB671D40CF5300A922AE /* ReactPlayerItem.m in Sources */,
				5E05F28D1D3E538600A0D09A /* Helpers.m in Sources */,
				5E8FD9931D269F9900CF68CC /* AudioPlayer.m in Sources */,
				5E8FD9941D269F9900CF68CC /* AudioRecorder.m in Sources */,
			);
			runOnlyForDeploymentPostprocessing = 0;
		};
/* End PBXSourcesBuildPhase section */

/* Begin XCBuildConfiguration section */
		5E8FD98A1D269F5D00CF68CC /* Debug */ = {
			isa = XCBuildConfiguration;
			buildSettings = {
				ALWAYS_SEARCH_USER_PATHS = NO;
				CLANG_ANALYZER_NONNULL = YES;
				CLANG_CXX_LANGUAGE_STANDARD = "gnu++0x";
				CLANG_CXX_LIBRARY = "libc++";
				CLANG_ENABLE_MODULES = YES;
				CLANG_ENABLE_OBJC_ARC = YES;
				CLANG_WARN_BOOL_CONVERSION = YES;
				CLANG_WARN_CONSTANT_CONVERSION = YES;
				CLANG_WARN_DIRECT_OBJC_ISA_USAGE = YES_ERROR;
				CLANG_WARN_EMPTY_BODY = YES;
				CLANG_WARN_ENUM_CONVERSION = YES;
				CLANG_WARN_INT_CONVERSION = YES;
				CLANG_WARN_OBJC_ROOT_CLASS = YES_ERROR;
				CLANG_WARN_UNREACHABLE_CODE = YES;
				CLANG_WARN__DUPLICATE_METHOD_MATCH = YES;
				"CODE_SIGN_IDENTITY[sdk=iphoneos*]" = "iPhone Developer";
				COPY_PHASE_STRIP = NO;
				DEBUG_INFORMATION_FORMAT = dwarf;
				ENABLE_STRICT_OBJC_MSGSEND = YES;
				ENABLE_TESTABILITY = YES;
				GCC_C_LANGUAGE_STANDARD = gnu99;
				GCC_DYNAMIC_NO_PIC = NO;
				GCC_NO_COMMON_BLOCKS = YES;
				GCC_OPTIMIZATION_LEVEL = 0;
				GCC_PREPROCESSOR_DEFINITIONS = (
					"DEBUG=1",
					"$(inherited)",
				);
				GCC_WARN_64_TO_32_BIT_CONVERSION = YES;
				GCC_WARN_ABOUT_RETURN_TYPE = YES_ERROR;
				GCC_WARN_UNDECLARED_SELECTOR = YES;
				GCC_WARN_UNINITIALIZED_AUTOS = YES_AGGRESSIVE;
				GCC_WARN_UNUSED_FUNCTION = YES;
				GCC_WARN_UNUSED_VARIABLE = YES;
				HEADER_SEARCH_PATHS = "$(SRCROOT)/../../node_modules/react-native/**";
				IPHONEOS_DEPLOYMENT_TARGET = 9.3;
				MTL_ENABLE_DEBUG_INFO = YES;
				ONLY_ACTIVE_ARCH = YES;
				SDKROOT = iphoneos;
			};
			name = Debug;
		};
		5E8FD98B1D269F5D00CF68CC /* Release */ = {
			isa = XCBuildConfiguration;
			buildSettings = {
				ALWAYS_SEARCH_USER_PATHS = NO;
				CLANG_ANALYZER_NONNULL = YES;
				CLANG_CXX_LANGUAGE_STANDARD = "gnu++0x";
				CLANG_CXX_LIBRARY = "libc++";
				CLANG_ENABLE_MODULES = YES;
				CLANG_ENABLE_OBJC_ARC = YES;
				CLANG_WARN_BOOL_CONVERSION = YES;
				CLANG_WARN_CONSTANT_CONVERSION = YES;
				CLANG_WARN_DIRECT_OBJC_ISA_USAGE = YES_ERROR;
				CLANG_WARN_EMPTY_BODY = YES;
				CLANG_WARN_ENUM_CONVERSION = YES;
				CLANG_WARN_INT_CONVERSION = YES;
				CLANG_WARN_OBJC_ROOT_CLASS = YES_ERROR;
				CLANG_WARN_UNREACHABLE_CODE = YES;
				CLANG_WARN__DUPLICATE_METHOD_MATCH = YES;
				"CODE_SIGN_IDENTITY[sdk=iphoneos*]" = "iPhone Developer";
				COPY_PHASE_STRIP = NO;
				DEBUG_INFORMATION_FORMAT = "dwarf-with-dsym";
				ENABLE_NS_ASSERTIONS = NO;
				ENABLE_STRICT_OBJC_MSGSEND = YES;
				GCC_C_LANGUAGE_STANDARD = gnu99;
				GCC_NO_COMMON_BLOCKS = YES;
				GCC_WARN_64_TO_32_BIT_CONVERSION = YES;
				GCC_WARN_ABOUT_RETURN_TYPE = YES_ERROR;
				GCC_WARN_UNDECLARED_SELECTOR = YES;
				GCC_WARN_UNINITIALIZED_AUTOS = YES_AGGRESSIVE;
				GCC_WARN_UNUSED_FUNCTION = YES;
				GCC_WARN_UNUSED_VARIABLE = YES;
				HEADER_SEARCH_PATHS = "$(SRCROOT)/../../node_modules/react-native/**";
				IPHONEOS_DEPLOYMENT_TARGET = 9.3;
				MTL_ENABLE_DEBUG_INFO = NO;
				SDKROOT = iphoneos;
				VALIDATE_PRODUCT = YES;
			};
			name = Release;
		};
		5E8FD98D1D269F5D00CF68CC /* Debug */ = {
			isa = XCBuildConfiguration;
			buildSettings = {
				ALWAYS_SEARCH_USER_PATHS = YES;
				HEADER_SEARCH_PATHS = (
					"$(inherited)",
					"$(SRCROOT)/../**",
					"$(SRCROOT)/../../react-native/React/**",
					"$(SRCROOT)/../../node_modules/react-native/React/**",
					"$(SRCROOT)/../../ExampleApp/node_modules/react-native/React/**",
					"$(SRCROOT)/../../../../node_modules/react-native/React/**",
				);
				OTHER_LDFLAGS = "-ObjC";
				PRODUCT_NAME = "$(TARGET_NAME)";
				SKIP_INSTALL = YES;
				LIBRARY_SEARCH_PATHS = (
					"$(inherited)",
					"\"$(SRCROOT)/$(TARGET_NAME)\"",
					"\"$(SRCROOT)/$(TARGET_NAME)\"",
					"\"$(SRCROOT)/$(TARGET_NAME)\"",
					"\"$(SRCROOT)/$(TARGET_NAME)\"",
				);
			};
			name = Debug;
		};
		5E8FD98E1D269F5D00CF68CC /* Release */ = {
			isa = XCBuildConfiguration;
			buildSettings = {
				ALWAYS_SEARCH_USER_PATHS = YES;
				HEADER_SEARCH_PATHS = (
					"$(inherited)",
					"$(SRCROOT)/../**",
					"$(SRCROOT)/../../react-native/React/**",
					"$(SRCROOT)/../../node_modules/react-native/React/**",
					"$(SRCROOT)/../../ExampleApp/node_modules/react-native/React/**",
					"$(SRCROOT)/../../../../node_modules/react-native/React/**",
				);
				OTHER_LDFLAGS = "-ObjC";
				PRODUCT_NAME = "$(TARGET_NAME)";
				SKIP_INSTALL = YES;
				LIBRARY_SEARCH_PATHS = (
					"$(inherited)",
					"\"$(SRCROOT)/$(TARGET_NAME)\"",
					"\"$(SRCROOT)/$(TARGET_NAME)\"",
					"\"$(SRCROOT)/$(TARGET_NAME)\"",
					"\"$(SRCROOT)/$(TARGET_NAME)\"",
				);
			};
			name = Release;
		};
/* End XCBuildConfiguration section */

/* Begin XCConfigurationList section */
		5E8FD97E1D269F5D00CF68CC /* Build configuration list for PBXProject "ReactNativeAudioToolkit" */ = {
			isa = XCConfigurationList;
			buildConfigurations = (
				5E8FD98A1D269F5D00CF68CC /* Debug */,
				5E8FD98B1D269F5D00CF68CC /* Release */,
			);
			defaultConfigurationIsVisible = 0;
			defaultConfigurationName = Release;
		};
		5E8FD98C1D269F5D00CF68CC /* Build configuration list for PBXNativeTarget "ReactNativeAudioToolkit" */ = {
			isa = XCConfigurationList;
			buildConfigurations = (
				5E8FD98D1D269F5D00CF68CC /* Debug */,
				5E8FD98E1D269F5D00CF68CC /* Release */,
			);
			defaultConfigurationIsVisible = 0;
			defaultConfigurationName = Release;
		};
/* End XCConfigurationList section */
	};
	rootObject = 5E8FD97B1D269F5D00CF68CC /* Project object */;
}
